# THIS IS AN AUTOGENERATED FILE. DO NOT EDIT THIS FILE DIRECTLY.
# yarn lockfile v1


layui-src@^2.4.5:
  version "2.4.5"
  resolved "https://registry.yarnpkg.com/layui-src/-/layui-src-2.4.5.tgz#06d5a59a9f75d76c9188a222a7e2f5ce36f3053b"
  integrity sha512-dPaMlKaq6nip9c8GoJccnVatN39k8I/p3UtqPvMX+TZKsAp6nGpysE7UZb5rvqGpZaL6ESqFqkmrwHj7BijLlA==
